// !$*UTF8*$!
{
	archiveVersion = 1;
	classes = {
	};
	objectVersion = 46;
	objects = {

/* Begin PBXBuildFile section */
		B50EF7011B830F8B00468EC9 /* Array+Sugar.swift in Sources */ = {isa = PBXBuildFile; fileRef = B50EF7001B830F8B00468EC9 /* Array+Sugar.swift */; };
		B50EF7021B830F9100468EC9 /* Array+Sugar.swift in Sources */ = {isa = PBXBuildFile; fileRef = B50EF7001B830F8B00468EC9 /* Array+Sugar.swift */; };
		B5419FBD1B8332D100492760 /* UIStoryboard+Sugar.swift in Sources */ = {isa = PBXBuildFile; fileRef = B5419FBC1B8332D100492760 /* UIStoryboard+Sugar.swift */; };
		B5419FBE1B8332D500492760 /* UIStoryboard+Sugar.swift in Sources */ = {isa = PBXBuildFile; fileRef = B5419FBC1B8332D100492760 /* UIStoryboard+Sugar.swift */; };
		B5419FC31B8334AF00492760 /* Main.storyboard in Resources */ = {isa = PBXBuildFile; fileRef = B5419FC21B8334AF00492760 /* Main.storyboard */; };
		BDA157F71AD7E6D90011D55A /* PagesTests.swift in Sources */ = {isa = PBXBuildFile; fileRef = BDA157F61AD7E6D90011D55A /* PagesTests.swift */; };
		BDA157FC1AD7E6FF0011D55A /* PagesController.swift in Sources */ = {isa = PBXBuildFile; fileRef = BDA157FB1AD7E6FF0011D55A /* PagesController.swift */; };
		BDA1583B1AD7EEBD0011D55A /* AppDelegate.swift in Sources */ = {isa = PBXBuildFile; fileRef = BDA1583A1AD7EEBD0011D55A /* AppDelegate.swift */; };
		BDA158421AD7EEBD0011D55A /* Images.xcassets in Resources */ = {isa = PBXBuildFile; fileRef = BDA158411AD7EEBD0011D55A /* Images.xcassets */; };
		BDA158581AD7EF550011D55A /* PagesController.swift in Sources */ = {isa = PBXBuildFile; fileRef = BDA157FB1AD7E6FF0011D55A /* PagesController.swift */; };
/* End PBXBuildFile section */

/* Begin PBXFileReference section */
		14C136511AB784B200B7B07A /* .travis.yml */ = {isa = PBXFileReference; fileEncoding = 4; lastKnownFileType = text; name = .travis.yml; path = ../.travis.yml; sourceTree = "<group>"; };
		14C136521AB784B200B7B07A /* CONTRIBUTING.md */ = {isa = PBXFileReference; fileEncoding = 4; lastKnownFileType = net.daringfireball.markdown; name = CONTRIBUTING.md; path = ../CONTRIBUTING.md; sourceTree = "<group>"; };
		14C136541AB784B200B7B07A /* LICENSE.md */ = {isa = PBXFileReference; fileEncoding = 4; lastKnownFileType = net.daringfireball.markdown; name = LICENSE.md; path = ../LICENSE.md; sourceTree = "<group>"; };
		14C136551AB784B200B7B07A /* README.md */ = {isa = PBXFileReference; fileEncoding = 4; lastKnownFileType = net.daringfireball.markdown; name = README.md; path = ../README.md; sourceTree = "<group>"; };
		B50EF7001B830F8B00468EC9 /* Array+Sugar.swift */ = {isa = PBXFileReference; fileEncoding = 4; lastKnownFileType = sourcecode.swift; path = "Array+Sugar.swift"; sourceTree = "<group>"; };
		B5419FBC1B8332D100492760 /* UIStoryboard+Sugar.swift */ = {isa = PBXFileReference; fileEncoding = 4; lastKnownFileType = sourcecode.swift; path = "UIStoryboard+Sugar.swift"; sourceTree = "<group>"; };
		B5419FC21B8334AF00492760 /* Main.storyboard */ = {isa = PBXFileReference; fileEncoding = 4; lastKnownFileType = file.storyboard; path = Main.storyboard; sourceTree = "<group>"; };
		BDA157F21AD7E6D90011D55A /* PagesTests.xctest */ = {isa = PBXFileReference; explicitFileType = wrapper.cfbundle; includeInIndex = 0; path = PagesTests.xctest; sourceTree = BUILT_PRODUCTS_DIR; };
		BDA157F51AD7E6D90011D55A /* Info.plist */ = {isa = PBXFileReference; lastKnownFileType = text.plist.xml; path = Info.plist; sourceTree = "<group>"; };
		BDA157F61AD7E6D90011D55A /* PagesTests.swift */ = {isa = PBXFileReference; lastKnownFileType = sourcecode.swift; path = PagesTests.swift; sourceTree = "<group>"; };
		BDA157FB1AD7E6FF0011D55A /* PagesController.swift */ = {isa = PBXFileReference; fileEncoding = 4; lastKnownFileType = sourcecode.swift; path = PagesController.swift; sourceTree = "<group>"; };
		BDA158361AD7EEBD0011D55A /* PagesDemo.app */ = {isa = PBXFileReference; explicitFileType = wrapper.application; includeInIndex = 0; path = PagesDemo.app; sourceTree = BUILT_PRODUCTS_DIR; };
		BDA158391AD7EEBD0011D55A /* Info.plist */ = {isa = PBXFileReference; lastKnownFileType = text.plist.xml; path = Info.plist; sourceTree = "<group>"; };
		BDA1583A1AD7EEBD0011D55A /* AppDelegate.swift */ = {isa = PBXFileReference; lastKnownFileType = sourcecode.swift; path = AppDelegate.swift; sourceTree = "<group>"; };
		BDA158411AD7EEBD0011D55A /* Images.xcassets */ = {isa = PBXFileReference; lastKnownFileType = folder.assetcatalog; path = Images.xcassets; sourceTree = "<group>"; };
/* End PBXFileReference section */

/* Begin PBXFrameworksBuildPhase section */
		BDA157EF1AD7E6D90011D55A /* Frameworks */ = {
			isa = PBXFrameworksBuildPhase;
			buildActionMask = 2147483647;
			files = (
			);
			runOnlyForDeploymentPostprocessing = 0;
		};
		BDA158331AD7EEBD0011D55A /* Frameworks */ = {
			isa = PBXFrameworksBuildPhase;
			buildActionMask = 2147483647;
			files = (
			);
			runOnlyForDeploymentPostprocessing = 0;
		};
/* End PBXFrameworksBuildPhase section */

/* Begin PBXGroup section */
		146D728A1AB782920058798C = {
			isa = PBXGroup;
			children = (
				14C1365B1AB784BC00B7B07A /* Source */,
				14C136501AB7849300B7B07A /* Metadata */,
				BDA157F31AD7E6D90011D55A /* PagesTests */,
				BDA158371AD7EEBD0011D55A /* PagesDemo */,
				146D72941AB782920058798C /* Products */,
			);
			indentWidth = 2;
			sourceTree = "<group>";
			tabWidth = 2;
		};
		146D72941AB782920058798C /* Products */ = {
			isa = PBXGroup;
			children = (
				BDA157F21AD7E6D90011D55A /* PagesTests.xctest */,
				BDA158361AD7EEBD0011D55A /* PagesDemo.app */,
			);
			name = Products;
			sourceTree = "<group>";
		};
		14C136501AB7849300B7B07A /* Metadata */ = {
			isa = PBXGroup;
			children = (
				14C136511AB784B200B7B07A /* .travis.yml */,
				14C136521AB784B200B7B07A /* CONTRIBUTING.md */,
				14C136541AB784B200B7B07A /* LICENSE.md */,
				14C136551AB784B200B7B07A /* README.md */,
			);
			name = Metadata;
			sourceTree = "<group>";
		};
		14C1365B1AB784BC00B7B07A /* Source */ = {
			isa = PBXGroup;
			children = (
				BDA157FB1AD7E6FF0011D55A /* PagesController.swift */,
				B50EF7001B830F8B00468EC9 /* Array+Sugar.swift */,
				B5419FBC1B8332D100492760 /* UIStoryboard+Sugar.swift */,
			);
			name = Source;
			path = ../Source;
			sourceTree = "<group>";
		};
		BDA157F31AD7E6D90011D55A /* PagesTests */ = {
			isa = PBXGroup;
			children = (
				BDA157F61AD7E6D90011D55A /* PagesTests.swift */,
				BDA157F41AD7E6D90011D55A /* Supporting Files */,
			);
			path = PagesTests;
			sourceTree = "<group>";
		};
		BDA157F41AD7E6D90011D55A /* Supporting Files */ = {
			isa = PBXGroup;
			children = (
				BDA157F51AD7E6D90011D55A /* Info.plist */,
			);
			name = "Supporting Files";
			sourceTree = "<group>";
		};
		BDA158371AD7EEBD0011D55A /* PagesDemo */ = {
			isa = PBXGroup;
			children = (
				B5419FC21B8334AF00492760 /* Main.storyboard */,
				BDA1583A1AD7EEBD0011D55A /* AppDelegate.swift */,
				BDA158411AD7EEBD0011D55A /* Images.xcassets */,
				BDA158381AD7EEBD0011D55A /* Supporting Files */,
			);
			path = PagesDemo;
			sourceTree = "<group>";
		};
		BDA158381AD7EEBD0011D55A /* Supporting Files */ = {
			isa = PBXGroup;
			children = (
				BDA158391AD7EEBD0011D55A /* Info.plist */,
			);
			name = "Supporting Files";
			sourceTree = "<group>";
		};
/* End PBXGroup section */

/* Begin PBXNativeTarget section */
		BDA157F11AD7E6D90011D55A /* PagesTests */ = {
			isa = PBXNativeTarget;
			buildConfigurationList = BDA157F81AD7E6D90011D55A /* Build configuration list for PBXNativeTarget "PagesTests" */;
			buildPhases = (
				BDA157EE1AD7E6D90011D55A /* Sources */,
				BDA157EF1AD7E6D90011D55A /* Frameworks */,
				BDA157F01AD7E6D90011D55A /* Resources */,
			);
			buildRules = (
			);
			dependencies = (
			);
			name = PagesTests;
			productName = PagesTests;
			productReference = BDA157F21AD7E6D90011D55A /* PagesTests.xctest */;
			productType = "com.apple.product-type.bundle.unit-test";
		};
		BDA158351AD7EEBD0011D55A /* PagesDemo */ = {
			isa = PBXNativeTarget;
			buildConfigurationList = BDA158561AD7EEBD0011D55A /* Build configuration list for PBXNativeTarget "PagesDemo" */;
			buildPhases = (
				BDA158321AD7EEBD0011D55A /* Sources */,
				BDA158331AD7EEBD0011D55A /* Frameworks */,
				BDA158341AD7EEBD0011D55A /* Resources */,
			);
			buildRules = (
			);
			dependencies = (
			);
			name = PagesDemo;
			productName = PagesDemo;
			productReference = BDA158361AD7EEBD0011D55A /* PagesDemo.app */;
			productType = "com.apple.product-type.application";
		};
/* End PBXNativeTarget section */

/* Begin PBXProject section */
		146D728B1AB782920058798C /* Project object */ = {
			isa = PBXProject;
			attributes = {
				LastSwiftMigration = 0700;
				LastSwiftUpdateCheck = 0700;
				LastUpgradeCheck = 0700;
				ORGANIZATIONNAME = Hyper;
				TargetAttributes = {
					BDA157F11AD7E6D90011D55A = {
						CreatedOnToolsVersion = 6.3;
					};
					BDA158351AD7EEBD0011D55A = {
						CreatedOnToolsVersion = 6.3;
					};
				};
			};
			buildConfigurationList = 146D728E1AB782920058798C /* Build configuration list for PBXProject "Pod" */;
			compatibilityVersion = "Xcode 3.2";
			developmentRegion = English;
			hasScannedForEncodings = 0;
			knownRegions = (
				en,
				Base,
			);
			mainGroup = 146D728A1AB782920058798C;
			productRefGroup = 146D72941AB782920058798C /* Products */;
			projectDirPath = "";
			projectRoot = "";
			targets = (
				BDA157F11AD7E6D90011D55A /* PagesTests */,
				BDA158351AD7EEBD0011D55A /* PagesDemo */,
			);
		};
/* End PBXProject section */

/* Begin PBXResourcesBuildPhase section */
		BDA157F01AD7E6D90011D55A /* Resources */ = {
			isa = PBXResourcesBuildPhase;
			buildActionMask = 2147483647;
			files = (
			);
			runOnlyForDeploymentPostprocessing = 0;
		};
		BDA158341AD7EEBD0011D55A /* Resources */ = {
			isa = PBXResourcesBuildPhase;
			buildActionMask = 2147483647;
			files = (
				BDA158421AD7EEBD0011D55A /* Images.xcassets in Resources */,
				B5419FC31B8334AF00492760 /* Main.storyboard in Resources */,
			);
			runOnlyForDeploymentPostprocessing = 0;
		};
/* End PBXResourcesBuildPhase section */

/* Begin PBXSourcesBuildPhase section */
		BDA157EE1AD7E6D90011D55A /* Sources */ = {
			isa = PBXSourcesBuildPhase;
			buildActionMask = 2147483647;
			files = (
				BDA157FC1AD7E6FF0011D55A /* PagesController.swift in Sources */,
				B50EF7011B830F8B00468EC9 /* Array+Sugar.swift in Sources */,
				BDA157F71AD7E6D90011D55A /* PagesTests.swift in Sources */,
				B5419FBD1B8332D100492760 /* UIStoryboard+Sugar.swift in Sources */,
			);
			runOnlyForDeploymentPostprocessing = 0;
		};
		BDA158321AD7EEBD0011D55A /* Sources */ = {
			isa = PBXSourcesBuildPhase;
			buildActionMask = 2147483647;
			files = (
				BDA158581AD7EF550011D55A /* PagesController.swift in Sources */,
				B50EF7021B830F9100468EC9 /* Array+Sugar.swift in Sources */,
				BDA1583B1AD7EEBD0011D55A /* AppDelegate.swift in Sources */,
				B5419FBE1B8332D500492760 /* UIStoryboard+Sugar.swift in Sources */,
			);
			runOnlyForDeploymentPostprocessing = 0;
		};
/* End PBXSourcesBuildPhase section */

/* Begin XCBuildConfiguration section */
		146D72B41AB782920058798C /* Debug */ = {
			isa = XCBuildConfiguration;
			buildSettings = {
				ALWAYS_SEARCH_USER_PATHS = NO;
				CLANG_CXX_LANGUAGE_STANDARD = "gnu++0x";
				CLANG_CXX_LIBRARY = "libc++";
				CLANG_ENABLE_MODULES = YES;
				CLANG_ENABLE_OBJC_ARC = YES;
				CLANG_WARN_BOOL_CONVERSION = YES;
				CLANG_WARN_CONSTANT_CONVERSION = YES;
				CLANG_WARN_DIRECT_OBJC_ISA_USAGE = YES_ERROR;
				CLANG_WARN_EMPTY_BODY = YES;
				CLANG_WARN_ENUM_CONVERSION = YES;
				CLANG_WARN_INT_CONVERSION = YES;
				CLANG_WARN_OBJC_ROOT_CLASS = YES_ERROR;
				CLANG_WARN_UNREACHABLE_CODE = YES;
				CLANG_WARN__DUPLICATE_METHOD_MATCH = YES;
				"CODE_SIGN_IDENTITY[sdk=iphoneos*]" = "iPhone Developer";
				COPY_PHASE_STRIP = NO;
				ENABLE_STRICT_OBJC_MSGSEND = YES;
				ENABLE_TESTABILITY = YES;
				GCC_C_LANGUAGE_STANDARD = gnu99;
				GCC_DYNAMIC_NO_PIC = NO;
				GCC_OPTIMIZATION_LEVEL = 0;
				GCC_PREPROCESSOR_DEFINITIONS = (
					"DEBUG=1",
					"$(inherited)",
				);
				GCC_SYMBOLS_PRIVATE_EXTERN = NO;
				GCC_WARN_64_TO_32_BIT_CONVERSION = YES;
				GCC_WARN_ABOUT_RETURN_TYPE = YES_ERROR;
				GCC_WARN_UNDECLARED_SELECTOR = YES;
				GCC_WARN_UNINITIALIZED_AUTOS = YES_AGGRESSIVE;
				GCC_WARN_UNUSED_FUNCTION = YES;
				GCC_WARN_UNUSED_VARIABLE = YES;
				IPHONEOS_DEPLOYMENT_TARGET = 8.2;
				MTL_ENABLE_DEBUG_INFO = YES;
				ONLY_ACTIVE_ARCH = YES;
				SDKROOT = iphoneos;
			};
			name = Debug;
		};
		146D72B51AB782920058798C /* Release */ = {
			isa = XCBuildConfiguration;
			buildSettings = {
				ALWAYS_SEARCH_USER_PATHS = NO;
				CLANG_CXX_LANGUAGE_STANDARD = "gnu++0x";
				CLANG_CXX_LIBRARY = "libc++";
				CLANG_ENABLE_MODULES = YES;
				CLANG_ENABLE_OBJC_ARC = YES;
				CLANG_WARN_BOOL_CONVERSION = YES;
				CLANG_WARN_CONSTANT_CONVERSION = YES;
				CLANG_WARN_DIRECT_OBJC_ISA_USAGE = YES_ERROR;
				CLANG_WARN_EMPTY_BODY = YES;
				CLANG_WARN_ENUM_CONVERSION = YES;
				CLANG_WARN_INT_CONVERSION = YES;
				CLANG_WARN_OBJC_ROOT_CLASS = YES_ERROR;
				CLANG_WARN_UNREACHABLE_CODE = YES;
				CLANG_WARN__DUPLICATE_METHOD_MATCH = YES;
				"CODE_SIGN_IDENTITY[sdk=iphoneos*]" = "iPhone Developer";
				COPY_PHASE_STRIP = NO;
				ENABLE_NS_ASSERTIONS = NO;
				ENABLE_STRICT_OBJC_MSGSEND = YES;
				GCC_C_LANGUAGE_STANDARD = gnu99;
				GCC_WARN_64_TO_32_BIT_CONVERSION = YES;
				GCC_WARN_ABOUT_RETURN_TYPE = YES_ERROR;
				GCC_WARN_UNDECLARED_SELECTOR = YES;
				GCC_WARN_UNINITIALIZED_AUTOS = YES_AGGRESSIVE;
				GCC_WARN_UNUSED_FUNCTION = YES;
				GCC_WARN_UNUSED_VARIABLE = YES;
				IPHONEOS_DEPLOYMENT_TARGET = 8.2;
				MTL_ENABLE_DEBUG_INFO = NO;
				SDKROOT = iphoneos;
				VALIDATE_PRODUCT = YES;
			};
			name = Release;
		};
		BDA157F91AD7E6D90011D55A /* Debug */ = {
			isa = XCBuildConfiguration;
			buildSettings = {
				DEBUG_INFORMATION_FORMAT = "dwarf-with-dsym";
				FRAMEWORK_SEARCH_PATHS = (
					"$(SDKROOT)/Developer/Library/Frameworks",
					"$(inherited)",
				);
				GCC_NO_COMMON_BLOCKS = YES;
				GCC_PREPROCESSOR_DEFINITIONS = (
					"DEBUG=1",
					"$(inherited)",
				);
				INFOPLIST_FILE = PagesTests/Info.plist;
				IPHONEOS_DEPLOYMENT_TARGET = 8.3;
				LD_RUNPATH_SEARCH_PATHS = "$(inherited) @executable_path/Frameworks @loader_path/Frameworks";
				PRODUCT_BUNDLE_IDENTIFIER = "no.hyper.$(PRODUCT_NAME:rfc1034identifier)";
				PRODUCT_NAME = "$(TARGET_NAME)";
				SWIFT_OPTIMIZATION_LEVEL = "-Onone";
			};
			name = Debug;
		};
		BDA157FA1AD7E6D90011D55A /* Release */ = {
			isa = XCBuildConfiguration;
			buildSettings = {
				DEBUG_INFORMATION_FORMAT = "dwarf-with-dsym";
				FRAMEWORK_SEARCH_PATHS = (
					"$(SDKROOT)/Developer/Library/Frameworks",
					"$(inherited)",
				);
				GCC_NO_COMMON_BLOCKS = YES;
				INFOPLIST_FILE = PagesTests/Info.plist;
				IPHONEOS_DEPLOYMENT_TARGET = 8.3;
				LD_RUNPATH_SEARCH_PATHS = "$(inherited) @executable_path/Frameworks @loader_path/Frameworks";
				PRODUCT_BUNDLE_IDENTIFIER = "no.hyper.$(PRODUCT_NAME:rfc1034identifier)";
				PRODUCT_NAME = "$(TARGET_NAME)";
			};
			name = Release;
		};
		BDA158521AD7EEBD0011D55A /* Debug */ = {
			isa = XCBuildConfiguration;
			buildSettings = {
				ASSETCATALOG_COMPILER_APPICON_NAME = AppIcon;
				DEBUG_INFORMATION_FORMAT = "dwarf-with-dsym";
				GCC_NO_COMMON_BLOCKS = YES;
				GCC_PREPROCESSOR_DEFINITIONS = (
					"DEBUG=1",
					"$(inherited)",
				);
				INFOPLIST_FILE = PagesDemo/Info.plist;
				IPHONEOS_DEPLOYMENT_TARGET = 8.3;
				LD_RUNPATH_SEARCH_PATHS = "$(inherited) @executable_path/Frameworks";
				PRODUCT_BUNDLE_IDENTIFIER = "no.hyper.$(PRODUCT_NAME:rfc1034identifier)";
				PRODUCT_NAME = "$(TARGET_NAME)";
				SWIFT_OPTIMIZATION_LEVEL = "-Onone";
				TARGETED_DEVICE_FAMILY = "1,2";
			};
			name = Debug;
		};
		BDA158531AD7EEBD0011D55A /* Release */ = {
			isa = XCBuildConfiguration;
			buildSettings = {
				ASSETCATALOG_COMPILER_APPICON_NAME = AppIcon;
				DEBUG_INFORMATION_FORMAT = "dwarf-with-dsym";
				GCC_NO_COMMON_BLOCKS = YES;
				INFOPLIST_FILE = PagesDemo/Info.plist;
				IPHONEOS_DEPLOYMENT_TARGET = 8.3;
				LD_RUNPATH_SEARCH_PATHS = "$(inherited) @executable_path/Frameworks";
				PRODUCT_BUNDLE_IDENTIFIER = "no.hyper.$(PRODUCT_NAME:rfc1034identifier)";
				PRODUCT_NAME = "$(TARGET_NAME)";
				TARGETED_DEVICE_FAMILY = "1,2";
			};
			name = Release;
		};
/* End XCBuildConfiguration section */

/* Begin XCConfigurationList section */
		146D728E1AB782920058798C /* Build configuration list for PBXProject "Pod" */ = {
			isa = XCConfigurationList;
			buildConfigurations = (
				146D72B41AB782920058798C /* Debug */,
				146D72B51AB782920058798C /* Release */,
			);
			defaultConfigurationIsVisible = 0;
			defaultConfigurationName = Release;
		};
		BDA157F81AD7E6D90011D55A /* Build configuration list for PBXNativeTarget "PagesTests" */ = {
			isa = XCConfigurationList;
			buildConfigurations = (
				BDA157F91AD7E6D90011D55A /* Debug */,
				BDA157FA1AD7E6D90011D55A /* Release */,
			);
			defaultConfigurationIsVisible = 0;
			defaultConfigurationName = Release;
		};
		BDA158561AD7EEBD0011D55A /* Build configuration list for PBXNativeTarget "PagesDemo" */ = {
			isa = XCConfigurationList;
			buildConfigurations = (
				BDA158521AD7EEBD0011D55A /* Debug */,
				BDA158531AD7EEBD0011D55A /* Release */,
			);
			defaultConfigurationIsVisible = 0;
			defaultConfigurationName = Release;
		};
/* End XCConfigurationList section */
	};
	rootObject = 146D728B1AB782920058798C /* Project object */;
}
